
Microsoft Visual Studio Solution File, Format Version 12.00
# Visual Studio Version 17
VisualStudioVersion = 17.9.34622.214
MinimumVisualStudioVersion = 10.0.40219.1
Project("{FAE04EC0-301F-11D3-BF4B-00C04F79EFBC}") = "logan.somner.Server", "logan.somner.Server\logan.somner.Server.csproj", "{FFC4FE3D-728F-44D9-B3C3-7A89D112D5CA}"
EndProject
Project("{54A90642-561A-4BB1-A94E-469ADEE60C69}") = "logan.somner.client", "logan.somner.client\logan.somner.client.esproj", "{D8E7C2BF-6CBB-4963-892F-F3F5139028B9}"
EndProject
Global
	GlobalSection(SolutionConfigurationPlatforms) = preSolution
		Debug|Any CPU = Debug|Any CPU
		Release|Any CPU = Release|Any CPU
	EndGlobalSection
	GlobalSection(ProjectConfigurationPlatforms) = postSolution
		{FFC4FE3D-728F-44D9-B3C3-7A89D112D5CA}.Debug|Any CPU.ActiveCfg = Debug|Any CPU
		{FFC4FE3D-728F-44D9-B3C3-7A89D112D5CA}.Debug|Any CPU.Build.0 = Debug|Any CPU
		{FFC4FE3D-728F-44D9-B3C3-7A89D112D5CA}.Release|Any CPU.ActiveCfg = Release|Any CPU
		{FFC4FE3D-728F-44D9-B3C3-7A89D112D5CA}.Release|Any CPU.Build.0 = Release|Any CPU
		{D8E7C2BF-6CBB-4963-892F-F3F5139028B9}.Debug|Any CPU.ActiveCfg = Debug|Any CPU
		{D8E7C2BF-6CBB-4963-892F-F3F5139028B9}.Debug|Any CPU.Build.0 = Debug|Any CPU
		{D8E7C2BF-6CBB-4963-892F-F3F5139028B9}.Debug|Any CPU.Deploy.0 = Debug|Any CPU
		{D8E7C2BF-6CBB-4963-892F-F3F5139028B9}.Release|Any CPU.ActiveCfg = Release|Any CPU
		{D8E7C2BF-6CBB-4963-892F-F3F5139028B9}.Release|Any CPU.Build.0 = Release|Any CPU
		{D8E7C2BF-6CBB-4963-892F-F3F5139028B9}.Release|Any CPU.Deploy.0 = Release|Any CPU
	EndGlobalSection
	GlobalSection(SolutionProperties) = preSolution
		HideSolutionNode = FALSE
	EndGlobalSection
	GlobalSection(ExtensibilityGlobals) = postSolution
		SolutionGuid = {70A51F5E-7DDC-4DD2-92D5-9329EC017813}
	EndGlobalSection
EndGlobal
